
Microsoft Visual Studio Solution File, Format Version 12.00
# Visual Studio Version 17
VisualStudioVersion = 17.4.33213.308
MinimumVisualStudioVersion = 10.0.40219.1
Project("{FAE04EC0-301F-11D3-BF4B-00C04F79EFBC}") = "Popescu_Eusebiu_Proiect-Colocviu-MPD", "Popescu_Eusebiu_Proiect-Colocviu-MPD\Popescu_Eusebiu_Proiect-Colocviu-MPD.csproj", "{55B1CC88-A687-4162-ABE3-838AE0BA5059}"
EndProject
Global
	GlobalSection(SolutionConfigurationPlatforms) = preSolution
		Debug|Any CPU = Debug|Any CPU
		Release|Any CPU = Release|Any CPU
	EndGlobalSection
	GlobalSection(ProjectConfigurationPlatforms) = postSolution
		{55B1CC88-A687-4162-ABE3-838AE0BA5059}.Debug|Any CPU.ActiveCfg = Debug|Any CPU
		{55B1CC88-A687-4162-ABE3-838AE0BA5059}.Debug|Any CPU.Build.0 = Debug|Any CPU
		{55B1CC88-A687-4162-ABE3-838AE0BA5059}.Release|Any CPU.ActiveCfg = Release|Any CPU
		{55B1CC88-A687-4162-ABE3-838AE0BA5059}.Release|Any CPU.Build.0 = Release|Any CPU
	EndGlobalSection
	GlobalSection(SolutionProperties) = preSolution
		HideSolutionNode = FALSE
	EndGlobalSection
	GlobalSection(ExtensibilityGlobals) = postSolution
		SolutionGuid = {CAC5ADC7-8DFA-4AC8-94A8-F61FEA5E197E}
	EndGlobalSection
EndGlobal
